
Microsoft Visual Studio Solution File, Format Version 12.00
# Visual Studio 15
VisualStudioVersion = 15.0.28010.2036
MinimumVisualStudioVersion = 10.0.40219.1
Project("{8BC9CEB8-8B4A-11D0-8D11-00A0C91BC942}") = "Checkers", "Checkers\Checkers.vcxproj", "{EC5BDEAF-EC4E-4B25-9E3C-25578C44AADA}"
EndProject
Global
	GlobalSection(SolutionConfigurationPlatforms) = preSolution
		Debug|x64 = Debug|x64
		Debug|x86 = Debug|x86
		Release|x64 = Release|x64
		Release|x86 = Release|x86
	EndGlobalSection
	GlobalSection(ProjectConfigurationPlatforms) = postSolution
		{EC5BDEAF-EC4E-4B25-9E3C-25578C44AADA}.Debug|x64.ActiveCfg = Debug|x64
		{EC5BDEAF-EC4E-4B25-9E3C-25578C44AADA}.Debug|x64.Build.0 = Debug|x64
		{EC5BDEAF-EC4E-4B25-9E3C-25578C44AADA}.Debug|x86.ActiveCfg = Debug|Win32
		{EC5BDEAF-EC4E-4B25-9E3C-25578C44AADA}.Debug|x86.Build.0 = Debug|Win32
		{EC5BDEAF-EC4E-4B25-9E3C-25578C44AADA}.Release|x64.ActiveCfg = Release|x64
		{EC5BDEAF-EC4E-4B25-9E3C-25578C44AADA}.Release|x64.Build.0 = Release|x64
		{EC5BDEAF-EC4E-4B25-9E3C-25578C44AADA}.Release|x86.ActiveCfg = Release|Win32
		{EC5BDEAF-EC4E-4B25-9E3C-25578C44AADA}.Release|x86.Build.0 = Release|Win32
	EndGlobalSection
	GlobalSection(SolutionProperties) = preSolution
		HideSolutionNode = FALSE
	EndGlobalSection
	GlobalSection(ExtensibilityGlobals) = postSolution
		SolutionGuid = {4B6D4FF5-9823-49CA-9CD5-86468D0F7CC1}
	EndGlobalSection
EndGlobal
